
Microsoft Visual Studio Solution File, Format Version 12.00
# Visual Studio Version 17
VisualStudioVersion = 17.7.34221.43
MinimumVisualStudioVersion = 10.0.40219.1
Project("{FAE04EC0-301F-11D3-BF4B-00C04F79EFBC}") = "Secret of Castle", "Secret of Castle\Secret of Castle.csproj", "{9665CC2F-F4DF-487B-9845-B8811C842899}"
EndProject
Global
	GlobalSection(SolutionConfigurationPlatforms) = preSolution
		Debug|Any CPU = Debug|Any CPU
		Release|Any CPU = Release|Any CPU
	EndGlobalSection
	GlobalSection(ProjectConfigurationPlatforms) = postSolution
		{9665CC2F-F4DF-487B-9845-B8811C842899}.Debug|Any CPU.ActiveCfg = Debug|Any CPU
		{9665CC2F-F4DF-487B-9845-B8811C842899}.Debug|Any CPU.Build.0 = Debug|Any CPU
		{9665CC2F-F4DF-487B-9845-B8811C842899}.Release|Any CPU.ActiveCfg = Release|Any CPU
		{9665CC2F-F4DF-487B-9845-B8811C842899}.Release|Any CPU.Build.0 = Release|Any CPU
	EndGlobalSection
	GlobalSection(SolutionProperties) = preSolution
		HideSolutionNode = FALSE
	EndGlobalSection
	GlobalSection(ExtensibilityGlobals) = postSolution
		SolutionGuid = {0951C6C0-E61C-48CB-912F-1DBBD0E5A114}
	EndGlobalSection
EndGlobal
